
Microsoft Visual Studio Solution File, Format Version 12.00
# Visual Studio Version 17
VisualStudioVersion = 17.1.32210.238
MinimumVisualStudioVersion = 10.0.40219.1
Project("{FAE04EC0-301F-11D3-BF4B-00C04F79EFBC}") = "Assignment1", "Assignment1\Assignment1.csproj", "{0C9AF2E6-187F-4E04-8C2C-1BD056DD17CE}"
EndProject
Global
	GlobalSection(SolutionConfigurationPlatforms) = preSolution
		Debug|Any CPU = Debug|Any CPU
		Release|Any CPU = Release|Any CPU
	EndGlobalSection
	GlobalSection(ProjectConfigurationPlatforms) = postSolution
		{0C9AF2E6-187F-4E04-8C2C-1BD056DD17CE}.Debug|Any CPU.ActiveCfg = Debug|Any CPU
		{0C9AF2E6-187F-4E04-8C2C-1BD056DD17CE}.Debug|Any CPU.Build.0 = Debug|Any CPU
		{0C9AF2E6-187F-4E04-8C2C-1BD056DD17CE}.Release|Any CPU.ActiveCfg = Release|Any CPU
		{0C9AF2E6-187F-4E04-8C2C-1BD056DD17CE}.Release|Any CPU.Build.0 = Release|Any CPU
	EndGlobalSection
	GlobalSection(SolutionProperties) = preSolution
		HideSolutionNode = FALSE
	EndGlobalSection
	GlobalSection(ExtensibilityGlobals) = postSolution
		SolutionGuid = {96A29449-D043-4D58-8CFC-D1AFC113D215}
	EndGlobalSection
EndGlobal
